
Microsoft Visual Studio Solution File, Format Version 12.00
# Visual Studio Version 17
VisualStudioVersion = 17.4.33110.190
MinimumVisualStudioVersion = 10.0.40219.1
Project("{FAE04EC0-301F-11D3-BF4B-00C04F79EFBC}") = "WebApi", "WebApi\WebApi.csproj", "{D9C2C556-7BE3-43AA-A57A-A22184FC558E}"
EndProject
Global
	GlobalSection(SolutionConfigurationPlatforms) = preSolution
		Debug|Any CPU = Debug|Any CPU
		Release|Any CPU = Release|Any CPU
	EndGlobalSection
	GlobalSection(ProjectConfigurationPlatforms) = postSolution
		{D9C2C556-7BE3-43AA-A57A-A22184FC558E}.Debug|Any CPU.ActiveCfg = Debug|Any CPU
		{D9C2C556-7BE3-43AA-A57A-A22184FC558E}.Debug|Any CPU.Build.0 = Debug|Any CPU
		{D9C2C556-7BE3-43AA-A57A-A22184FC558E}.Release|Any CPU.ActiveCfg = Release|Any CPU
		{D9C2C556-7BE3-43AA-A57A-A22184FC558E}.Release|Any CPU.Build.0 = Release|Any CPU
	EndGlobalSection
	GlobalSection(SolutionProperties) = preSolution
		HideSolutionNode = FALSE
	EndGlobalSection
	GlobalSection(ExtensibilityGlobals) = postSolution
		SolutionGuid = {DDFEE314-79F3-496F-A9E1-3FDBE05D1FF5}
	EndGlobalSection
EndGlobal
